
Microsoft Visual Studio Solution File, Format Version 12.00
Project("{FAE04EC0-301F-11D3-BF4B-00C04F79EFBC}") = "PZ_20", "PZ_20\PZ_20.csproj", "{D05ED27C-E454-4DA8-8A8C-5F47864196F2}"
EndProject
Global
	GlobalSection(SolutionConfigurationPlatforms) = preSolution
		Debug|Any CPU = Debug|Any CPU
		Release|Any CPU = Release|Any CPU
	EndGlobalSection
	GlobalSection(ProjectConfigurationPlatforms) = postSolution
		{D05ED27C-E454-4DA8-8A8C-5F47864196F2}.Debug|Any CPU.ActiveCfg = Debug|Any CPU
		{D05ED27C-E454-4DA8-8A8C-5F47864196F2}.Debug|Any CPU.Build.0 = Debug|Any CPU
		{D05ED27C-E454-4DA8-8A8C-5F47864196F2}.Release|Any CPU.ActiveCfg = Release|Any CPU
		{D05ED27C-E454-4DA8-8A8C-5F47864196F2}.Release|Any CPU.Build.0 = Release|Any CPU
	EndGlobalSection
EndGlobal
